# THIS IS AN AUTOGENERATED FILE. DO NOT EDIT THIS FILE DIRECTLY.
# yarn lockfile v1


d@1, d@^1.0.1:
  version "1.0.1"
  resolved "https://registry.yarnpkg.com/d/-/d-1.0.1.tgz#8698095372d58dbee346ffd0c7093f99f8f9eb5a"
  integrity sha512-m62ShEObQ39CfralilEQRjH6oAMtNCV1xJyEx5LpRYUVN+EviphDgUc/F3hnYbADmkiNs67Y+3ylmlG7Lnu+FA==
  dependencies:
    es5-ext "^0.10.50"
    type "^1.0.1"

es5-ext@^0.10.35, es5-ext@^0.10.46, es5-ext@^0.10.50, es5-ext@~0.10.14:
  version "0.10.53"
  resolved "https://registry.yarnpkg.com/es5-ext/-/es5-ext-0.10.53.tgz#93c5a3acfdbef275220ad72644ad02ee18368de1"
  integrity sha512-Xs2Stw6NiNHWypzRTY1MtaG/uJlwCk8kH81920ma8mvN8Xq1gsfhZvpkImLQArw8AHnv8MT2I45J3c0R8slE+Q==
  dependencies:
    es6-iterator "~2.0.3"
    es6-symbol "~3.1.3"
    next-tick "~1.0.0"

es6-iterator@^2.0.3, es6-iterator@~2.0.1, es6-iterator@~2.0.3:
  version "2.0.3"
  resolved "https://registry.yarnpkg.com/es6-iterator/-/es6-iterator-2.0.3.tgz#a7de889141a05a94b0854403b2d0a0fbfa98f3b7"
  integrity sha1-p96IkUGgWpSwhUQDstCg+/qY87c=
  dependencies:
    d "1"
    es5-ext "^0.10.35"
    es6-symbol "^3.1.1"

es6-map@^0.1.3:
  version "0.1.5"
  resolved "https://registry.yarnpkg.com/es6-map/-/es6-map-0.1.5.tgz#9136e0503dcc06a301690f0bb14ff4e364e949f0"
  integrity sha1-kTbgUD3MBqMBaQ8LsU/042TpSfA=
  dependencies:
    d "1"
    es5-ext "~0.10.14"
    es6-iterator "~2.0.1"
    es6-set "~0.1.5"
    es6-symbol "~3.1.1"
    event-emitter "~0.3.5"

es6-set@~0.1.5:
  version "0.1.5"
  resolved "https://registry.yarnpkg.com/es6-set/-/es6-set-0.1.5.tgz#d2b3ec5d4d800ced818db538d28974db0a73ccb1"
  integrity sha1-0rPsXU2ADO2BjbU40ol02wpzzLE=
  dependencies:
    d "1"
    es5-ext "~0.10.14"
    es6-iterator "~2.0.1"
    es6-symbol "3.1.1"
    event-emitter "~0.3.5"

es6-symbol@3.1.1:
  version "3.1.1"
  resolved "https://registry.yarnpkg.com/es6-symbol/-/es6-symbol-3.1.1.tgz#bf00ef4fdab6ba1b46ecb7b629b4c7ed5715cc77"
  integrity sha1-vwDvT9q2uhtG7Le2KbTH7VcVzHc=
  dependencies:
    d "1"
    es5-ext "~0.10.14"

es6-symbol@^3.1.1, es6-symbol@~3.1.1, es6-symbol@~3.1.3:
  version "3.1.3"
  resolved "https://registry.yarnpkg.com/es6-symbol/-/es6-symbol-3.1.3.tgz#bad5d3c1bcdac28269f4cb331e431c78ac705d18"
  integrity sha512-NJ6Yn3FuDinBaBRWl/q5X/s4koRHBrgKAu+yGI6JCBeiu3qrcbJhwT2GeR/EXVfylRk8dpQVJoLEFhK+Mu31NA==
  dependencies:
    d "^1.0.1"
    ext "^1.1.2"

es6-weak-map@^2.0.1:
  version "2.0.3"
  resolved "https://registry.yarnpkg.com/es6-weak-map/-/es6-weak-map-2.0.3.tgz#b6da1f16cc2cc0d9be43e6bdbfc5e7dfcdf31d53"
  integrity sha512-p5um32HOTO1kP+w7PRnB+5lQ43Z6muuMuIMffvDN8ZB4GcnjLBV6zGStpbASIMk4DCAvEaamhe2zhyCb/QXXsA==
  dependencies:
    d "1"
    es5-ext "^0.10.46"
    es6-iterator "^2.0.3"
    es6-symbol "^3.1.1"

escope@^3.6.0:
  version "3.6.0"
  resolved "https://registry.yarnpkg.com/escope/-/escope-3.6.0.tgz#e01975e812781a163a6dadfdd80398dc64c889c3"
  integrity sha1-4Bl16BJ4GhY6ba392AOY3GTIicM=
  dependencies:
    es6-map "^0.1.3"
    es6-weak-map "^2.0.1"
    esrecurse "^4.1.0"
    estraverse "^4.1.1"

esrecurse@^4.1.0:
  version "4.3.0"
  resolved "https://registry.yarnpkg.com/esrecurse/-/esrecurse-4.3.0.tgz#7ad7964d679abb28bee72cec63758b1c5d2c9921"
  integrity sha512-KmfKL3b6G+RXvP8N1vr3Tq1kL/oCFgn2NYXEtqP8/L3pKapUA4G8cFVaoF3SU323CD4XypR/ffioHmkti6/Tag==
  dependencies:
    estraverse "^5.2.0"

estraverse@^4.1.1:
  version "4.3.0"
  resolved "https://registry.yarnpkg.com/estraverse/-/estraverse-4.3.0.tgz#398ad3f3c5a24948be7725e83d11a7de28cdbd1d"
  integrity sha512-39nnKffWz8xN1BU/2c79n9nB9HDzo0niYUqx6xyqUnyoAnQyyWpOTdZEeiCch8BBu515t4wp9ZmgVfVhn9EBpw==

estraverse@^5.2.0:
  version "5.3.0"
  resolved "https://registry.yarnpkg.com/estraverse/-/estraverse-5.3.0.tgz#2eea5290702f26ab8fe5370370ff86c965d21123"
  integrity sha512-MMdARuVEQziNTeJD8DgMqmhwR11BRQ/cBP+pLtYdSTnf3MIO8fFeiINEbX36ZdNlfU/7A9f3gUw49B3oQsvwBA==

event-emitter@~0.3.5:
  version "0.3.5"
  resolved "https://registry.yarnpkg.com/event-emitter/-/event-emitter-0.3.5.tgz#df8c69eef1647923c7157b9ce83840610b02cc39"
  integrity sha1-34xp7vFkeSPHFXuc6DhAYQsCzDk=
  dependencies:
    d "1"
    es5-ext "~0.10.14"

ext@^1.1.2:
  version "1.6.0"
  resolved "https://registry.yarnpkg.com/ext/-/ext-1.6.0.tgz#3871d50641e874cc172e2b53f919842d19db4c52"
  integrity sha512-sdBImtzkq2HpkdRLtlLWDa6w4DX22ijZLKx8BMPUuKe1c5lbN6xwQDQCxSfxBQnHZ13ls/FH0MQZx/q/gr6FQg==
  dependencies:
    type "^2.5.0"

next-tick@~1.0.0:
  version "1.0.0"
  resolved "https://registry.yarnpkg.com/next-tick/-/next-tick-1.0.0.tgz#ca86d1fe8828169b0120208e3dc8424b9db8342c"
  integrity sha1-yobR/ogoFpsBICCOPchCS524NCw=

type@^1.0.1:
  version "1.2.0"
  resolved "https://registry.yarnpkg.com/type/-/type-1.2.0.tgz#848dd7698dafa3e54a6c479e759c4bc3f18847a0"
  integrity sha512-+5nt5AAniqsCnu2cEQQdpzCAh33kVx8n0VoFidKpB1dVVLAN/F+bgVOqOJqOnEnrhp222clB5p3vUlD+1QAnfg==

type@^2.5.0:
  version "2.5.0"
  resolved "https://registry.yarnpkg.com/type/-/type-2.5.0.tgz#0a2e78c2e77907b252abe5f298c1b01c63f0db3d"
  integrity sha512-180WMDQaIMm3+7hGXWf12GtdniDEy7nYcyFMKJn/eZz/6tSLXrUN9V0wKSbMjej0I1WHWbpREDEKHtqPQa9NNw==

vue-add-to-calendar@^1.0.7:
  version "1.0.7"
  resolved "https://registry.yarnpkg.com/vue-add-to-calendar/-/vue-add-to-calendar-1.0.7.tgz#3bbfd6bccbf20be80cf2daa44cf39bf3a540a222"
  integrity sha512-5sCU/tzuhelRyuJkK8FzwMsB07+az//j57CLe0NSYf7nfulCr763S5CaFWU7JWOpBLCXf1M9VKiNJRbTSXNAog==
  dependencies:
    escope "^3.6.0"
